github.com/lcylpzls/errx v1.5.6 h1:KTAjIxBWfRFXWzEvvv+MwsUhMh/kaKlQQMl8wKkaMcM=
github.com/lcylpzls/errx v1.5.6/go.mod h1:xJHy3c+cwHWiOMHev/BC4S4LHjoYhzs6kU9zwwsNxtw=
github.com/lcylpzls/logx v1.3.2 h1:RZtmXH2LR77mk/l8WrsztP27e6v71zGPyzBF01B4Mog=
github.com/lcylpzls/logx v1.3.2/go.mod h1:EVpYAd/8ueoQJVdkcw4UHq7aKtlBr6Nj9P5x44JuMlM=
github.com/lcylpzls/resiliencex v1.3.3 h1:3e0cZugbTeO7EYbCr7XiF5Fs0uR+W9uPBDKDSCmtw5w=
github.com/lcylpzls/resiliencex v1.3.3/go.mod h1:SmvoHlKvCSIrCg74OGtXKru0OFAr+aCBT2KnqhwIh4k=
github.com/lcylpzls/testx v1.4.3 h1:0eDjxIyqy1ffpNCNOXBJzogUGRaNBsOgU8BcIs5BUlc=
github.com/lcylpzls/testx v1.4.3/go.mod h1:y+UKgHdKABet7RS3NVRejcWbyF4fXYZ8nmOIeNTWn8I=
github.com/lcylpzls/validx v1.2.4 h1:YT+dHr+eoK9+em0MTTYjNMFxX+GvTYRIuG9b37KD+EU=
github.com/lcylpzls/validx v1.2.4/go.mod h1:riR2Vb8sNIJAgD1Xpnwc/5dHSKFRXNdpuMqJGzT/1zA=
