github.com/lcylpzls/errx v1.5.4 h1:xEQRgYJEF7bArQqRe70yHDk+W17OcXSVo8g+knSGr70=
github.com/lcylpzls/errx v1.5.4/go.mod h1:Eo26wXcmV2hdMB1CJvhFc4zLZr4aNutlvakzwTzwncM=
github.com/lcylpzls/logx v1.2.5 h1:SZRtkhUUr51x9CTgsRq1tN8YBwlnOydTvIvf9ufMl68=
github.com/lcylpzls/logx v1.2.5/go.mod h1:icJFvWzNtDZ1rEPOAzYfoSpgd0qIOIq6FJrjl3gYVHc=
github.com/lcylpzls/resiliencex v1.3.0 h1:Xj6UdvOYnkS8B+EZ5Z2oH0OBT1WhRFM+5UPYKTq9Sgo=
github.com/lcylpzls/resiliencex v1.3.0/go.mod h1:f+GsbaYHgu/XukKMbgDMJ4AMPuPcDoCEv4aBCQnt4kg=
github.com/lcylpzls/testx v1.2.3 h1:oDhHMQU8j+Y44VOPiXLcwgGcDCICe2mCQRwW8qwKUb4=
github.com/lcylpzls/testx v1.2.3/go.mod h1:Rd8MiIpLu+x1b/PcXv8iUYF4xqkdiiXOF9dF4Pr3rv4=
github.com/lcylpzls/validx v1.2.0 h1:l5ydfgmhwTQ07DVxnGy98I1oSUVmWZCsDR3loN1fYkU=
github.com/lcylpzls/validx v1.2.0/go.mod h1:HAy1xjuJRfjp1T+7c7aX6BYBrsiDSuQbvgDTOjwAug8=
